
Microsoft Visual Studio Solution File, Format Version 12.00
# Visual Studio Version 16
VisualStudioVersion = 16.0.29613.14
MinimumVisualStudioVersion = 10.0.40219.1
Project("{9A19103F-16F7-4668-BE54-9A1E7A4F7556}") = "TipOfTheDay.Tests", "TipOfTheDay.Tests\TipOfTheDay.Tests.csproj", "{8A449B80-3902-4217-BB1E-606EF3D7E102}"
EndProject
Project("{9A19103F-16F7-4668-BE54-9A1E7A4F7556}") = "TipOfTheDay", "TipOfTheDay\TipOfTheDay.csproj", "{62108DEA-3973-4DAC-A39E-A28AD2BCA85E}"
EndProject
Project("{2150E333-8FDC-42A3-9474-1A3956D46DE8}") = "Solution Items", "Solution Items", "{DC3063FE-7D41-4D67-A682-21412F74AD6F}"
	ProjectSection(SolutionItems) = preProject
		..\Docs\DomainModel.mdj = ..\Docs\DomainModel.mdj
		..\Docs\DomainModel.pdf = ..\Docs\DomainModel.pdf
	EndProjectSection
EndProject
Global
	GlobalSection(SolutionConfigurationPlatforms) = preSolution
		Debug|Any CPU = Debug|Any CPU
		Release|Any CPU = Release|Any CPU
	EndGlobalSection
	GlobalSection(ProjectConfigurationPlatforms) = postSolution
		{8A449B80-3902-4217-BB1E-606EF3D7E102}.Debug|Any CPU.ActiveCfg = Debug|Any CPU
		{8A449B80-3902-4217-BB1E-606EF3D7E102}.Debug|Any CPU.Build.0 = Debug|Any CPU
		{8A449B80-3902-4217-BB1E-606EF3D7E102}.Release|Any CPU.ActiveCfg = Release|Any CPU
		{8A449B80-3902-4217-BB1E-606EF3D7E102}.Release|Any CPU.Build.0 = Release|Any CPU
		{62108DEA-3973-4DAC-A39E-A28AD2BCA85E}.Debug|Any CPU.ActiveCfg = Debug|Any CPU
		{62108DEA-3973-4DAC-A39E-A28AD2BCA85E}.Debug|Any CPU.Build.0 = Debug|Any CPU
		{62108DEA-3973-4DAC-A39E-A28AD2BCA85E}.Release|Any CPU.ActiveCfg = Release|Any CPU
		{62108DEA-3973-4DAC-A39E-A28AD2BCA85E}.Release|Any CPU.Build.0 = Release|Any CPU
	EndGlobalSection
	GlobalSection(SolutionProperties) = preSolution
		HideSolutionNode = FALSE
	EndGlobalSection
	GlobalSection(ExtensibilityGlobals) = postSolution
		SolutionGuid = {9E7E9D25-925C-4AC6-94E9-025B739440BD}
	EndGlobalSection
EndGlobal
